// !$*UTF8*$!
{
	archiveVersion = 1;
	classes = {
	};
	objectVersion = 50;
	objects = {

/* Begin PBXBuildFile section */
		6723B41126D8DD8B007D60C6 /* RealTimeTweetsOnMapApp.swift in Sources */ = {isa = PBXBuildFile; fileRef = 6723B41026D8DD8B007D60C6 /* RealTimeTweetsOnMapApp.swift */; };
		6723B41526D8DD8B007D60C6 /* Assets.xcassets in Resources */ = {isa = PBXBuildFile; fileRef = 6723B41426D8DD8B007D60C6 /* Assets.xcassets */; };
		6723B41826D8DD8B007D60C6 /* Preview Assets.xcassets in Resources */ = {isa = PBXBuildFile; fileRef = 6723B41726D8DD8B007D60C6 /* Preview Assets.xcassets */; };
		6723B42326D8DD8C007D60C6 /* RealTimeTweetsOnMapTests.swift in Sources */ = {isa = PBXBuildFile; fileRef = 6723B42226D8DD8C007D60C6 /* RealTimeTweetsOnMapTests.swift */; };
		6723B43D26D8DE15007D60C6 /* MainView.swift in Sources */ = {isa = PBXBuildFile; fileRef = 6723B43C26D8DE15007D60C6 /* MainView.swift */; };
		6723B44026D8EAAF007D60C6 /* MainViewModel.swift in Sources */ = {isa = PBXBuildFile; fileRef = 6723B43F26D8EAAF007D60C6 /* MainViewModel.swift */; };
		6723B44326D8EDE4007D60C6 /* TweetModel.swift in Sources */ = {isa = PBXBuildFile; fileRef = 6723B44226D8EDE4007D60C6 /* TweetModel.swift */; };
		6723B44526D8EDF1007D60C6 /* GeoModel.swift in Sources */ = {isa = PBXBuildFile; fileRef = 6723B44426D8EDF1007D60C6 /* GeoModel.swift */; };
		6723B44726D8F208007D60C6 /* TweetModelTest.swift in Sources */ = {isa = PBXBuildFile; fileRef = 6723B44626D8F208007D60C6 /* TweetModelTest.swift */; };
		6723B44926D8F216007D60C6 /* GeoModelTest.swift in Sources */ = {isa = PBXBuildFile; fileRef = 6723B44826D8F216007D60C6 /* GeoModelTest.swift */; };
		6723B44B26D8F3E5007D60C6 /* ConfigUtils.swift in Sources */ = {isa = PBXBuildFile; fileRef = 6723B44A26D8F3E5007D60C6 /* ConfigUtils.swift */; };
		672B854D26DA15260085658F /* MainRepositoryProtocol.swift in Sources */ = {isa = PBXBuildFile; fileRef = 672B854C26DA15260085658F /* MainRepositoryProtocol.swift */; };
		6748BA4226DA87E500C54C1F /* MainRepositoryTest.swift in Sources */ = {isa = PBXBuildFile; fileRef = 6748BA4126DA87E500C54C1F /* MainRepositoryTest.swift */; };
		6748BA4426DA881400C54C1F /* MainViewModelTest.swift in Sources */ = {isa = PBXBuildFile; fileRef = 6748BA4326DA881400C54C1F /* MainViewModelTest.swift */; };
		6748BA4626DA88BC00C54C1F /* MainRepositoryMock.swift in Sources */ = {isa = PBXBuildFile; fileRef = 6748BA4526DA88BC00C54C1F /* MainRepositoryMock.swift */; };
		678AEE2F26D91CE400F7AEE5 /* NetworkManager.swift in Sources */ = {isa = PBXBuildFile; fileRef = 678AEE2C26D91CE300F7AEE5 /* NetworkManager.swift */; };
		678AEE3026D91CE400F7AEE5 /* Endpoint.swift in Sources */ = {isa = PBXBuildFile; fileRef = 678AEE2D26D91CE300F7AEE5 /* Endpoint.swift */; };
		678AEE3126D91CE400F7AEE5 /* HttpHeaders.swift in Sources */ = {isa = PBXBuildFile; fileRef = 678AEE2E26D91CE400F7AEE5 /* HttpHeaders.swift */; };
		678AEE4026D91D0100F7AEE5 /* NetworkPublisherTests.swift in Sources */ = {isa = PBXBuildFile; fileRef = 678AEE3826D91D0100F7AEE5 /* NetworkPublisherTests.swift */; };
		678AEE4C26D91F4400F7AEE5 /* ExampleGetEndpoint.swift in Sources */ = {isa = PBXBuildFile; fileRef = 678AEE4526D91F4400F7AEE5 /* ExampleGetEndpoint.swift */; };
		678AEE4D26D91F4400F7AEE5 /* ExamplePutEndpoint.swift in Sources */ = {isa = PBXBuildFile; fileRef = 678AEE4626D91F4400F7AEE5 /* ExamplePutEndpoint.swift */; };
		678AEE4E26D91F4400F7AEE5 /* ExampleModel.swift in Sources */ = {isa = PBXBuildFile; fileRef = 678AEE4726D91F4400F7AEE5 /* ExampleModel.swift */; };
		678AEE4F26D91F4400F7AEE5 /* ExamplePostEndpoint.swift in Sources */ = {isa = PBXBuildFile; fileRef = 678AEE4826D91F4400F7AEE5 /* ExamplePostEndpoint.swift */; };
		678AEE5026D91F4400F7AEE5 /* ExampleDeleteEndpoint.swift in Sources */ = {isa = PBXBuildFile; fileRef = 678AEE4926D91F4400F7AEE5 /* ExampleDeleteEndpoint.swift */; };
		678AEE5226D91F4400F7AEE5 /* ExamplePatchEndpoint.swift in Sources */ = {isa = PBXBuildFile; fileRef = 678AEE4B26D91F4400F7AEE5 /* ExamplePatchEndpoint.swift */; };
		678AEE5626D9257C00F7AEE5 /* ConfigUtilsTest.swift in Sources */ = {isa = PBXBuildFile; fileRef = 678AEE5526D9257C00F7AEE5 /* ConfigUtilsTest.swift */; };
		678AEE5826D927A400F7AEE5 /* AddRuleEndpoint.swift in Sources */ = {isa = PBXBuildFile; fileRef = 678AEE5726D927A400F7AEE5 /* AddRuleEndpoint.swift */; };
		678AEE5A26D927B200F7AEE5 /* RemoveRuleEndpoint.swift in Sources */ = {isa = PBXBuildFile; fileRef = 678AEE5926D927B200F7AEE5 /* RemoveRuleEndpoint.swift */; };
		678AEE5C26D927C200F7AEE5 /* StreamTweetsEndpoint.swift in Sources */ = {isa = PBXBuildFile; fileRef = 678AEE5B26D927C200F7AEE5 /* StreamTweetsEndpoint.swift */; };
		678AEE5E26D927DC00F7AEE5 /* GeoEndpoint.swift in Sources */ = {isa = PBXBuildFile; fileRef = 678AEE5D26D927DC00F7AEE5 /* GeoEndpoint.swift */; };
		678AEE6026D938F600F7AEE5 /* MainRepository.swift in Sources */ = {isa = PBXBuildFile; fileRef = 678AEE5F26D938F600F7AEE5 /* MainRepository.swift */; };
/* End PBXBuildFile section */

/* Begin PBXContainerItemProxy section */
		6723B41F26D8DD8B007D60C6 /* PBXContainerItemProxy */ = {
			isa = PBXContainerItemProxy;
			containerPortal = 6723B40526D8DD8B007D60C6 /* Project object */;
			proxyType = 1;
			remoteGlobalIDString = 6723B40C26D8DD8B007D60C6;
			remoteInfo = RealTimeTwitsOnMap;
		};
/* End PBXContainerItemProxy section */

/* Begin PBXFileReference section */
		6723B40D26D8DD8B007D60C6 /* RealTimeTweetsOnMap.app */ = {isa = PBXFileReference; explicitFileType = wrapper.application; includeInIndex = 0; path = RealTimeTweetsOnMap.app; sourceTree = BUILT_PRODUCTS_DIR; };
		6723B41026D8DD8B007D60C6 /* RealTimeTweetsOnMapApp.swift */ = {isa = PBXFileReference; lastKnownFileType = sourcecode.swift; path = RealTimeTweetsOnMapApp.swift; sourceTree = "<group>"; };
		6723B41426D8DD8B007D60C6 /* Assets.xcassets */ = {isa = PBXFileReference; lastKnownFileType = folder.assetcatalog; path = Assets.xcassets; sourceTree = "<group>"; };
		6723B41726D8DD8B007D60C6 /* Preview Assets.xcassets */ = {isa = PBXFileReference; lastKnownFileType = folder.assetcatalog; path = "Preview Assets.xcassets"; sourceTree = "<group>"; };
		6723B41926D8DD8B007D60C6 /* Info.plist */ = {isa = PBXFileReference; lastKnownFileType = text.plist.xml; path = Info.plist; sourceTree = "<group>"; };
		6723B41E26D8DD8B007D60C6 /* RealTimeTweetsOnMapTests.xctest */ = {isa = PBXFileReference; explicitFileType = wrapper.cfbundle; includeInIndex = 0; path = RealTimeTweetsOnMapTests.xctest; sourceTree = BUILT_PRODUCTS_DIR; };
		6723B42226D8DD8C007D60C6 /* RealTimeTweetsOnMapTests.swift */ = {isa = PBXFileReference; lastKnownFileType = sourcecode.swift; path = RealTimeTweetsOnMapTests.swift; sourceTree = "<group>"; };
		6723B42426D8DD8C007D60C6 /* Info.plist */ = {isa = PBXFileReference; lastKnownFileType = text.plist.xml; path = Info.plist; sourceTree = "<group>"; };
		6723B43C26D8DE15007D60C6 /* MainView.swift */ = {isa = PBXFileReference; lastKnownFileType = sourcecode.swift; path = MainView.swift; sourceTree = "<group>"; };
		6723B43F26D8EAAF007D60C6 /* MainViewModel.swift */ = {isa = PBXFileReference; lastKnownFileType = sourcecode.swift; path = MainViewModel.swift; sourceTree = "<group>"; };
		6723B44226D8EDE4007D60C6 /* TweetModel.swift */ = {isa = PBXFileReference; lastKnownFileType = sourcecode.swift; path = TweetModel.swift; sourceTree = "<group>"; };
		6723B44426D8EDF1007D60C6 /* GeoModel.swift */ = {isa = PBXFileReference; lastKnownFileType = sourcecode.swift; path = GeoModel.swift; sourceTree = "<group>"; };
		6723B44626D8F208007D60C6 /* TweetModelTest.swift */ = {isa = PBXFileReference; lastKnownFileType = sourcecode.swift; path = TweetModelTest.swift; sourceTree = "<group>"; };
		6723B44826D8F216007D60C6 /* GeoModelTest.swift */ = {isa = PBXFileReference; lastKnownFileType = sourcecode.swift; path = GeoModelTest.swift; sourceTree = "<group>"; };
		6723B44A26D8F3E5007D60C6 /* ConfigUtils.swift */ = {isa = PBXFileReference; lastKnownFileType = sourcecode.swift; path = ConfigUtils.swift; sourceTree = "<group>"; };
		672B854C26DA15260085658F /* MainRepositoryProtocol.swift */ = {isa = PBXFileReference; lastKnownFileType = sourcecode.swift; path = MainRepositoryProtocol.swift; sourceTree = "<group>"; };
		6748BA4126DA87E500C54C1F /* MainRepositoryTest.swift */ = {isa = PBXFileReference; lastKnownFileType = sourcecode.swift; path = MainRepositoryTest.swift; sourceTree = "<group>"; };
		6748BA4326DA881400C54C1F /* MainViewModelTest.swift */ = {isa = PBXFileReference; lastKnownFileType = sourcecode.swift; path = MainViewModelTest.swift; sourceTree = "<group>"; };
		6748BA4526DA88BC00C54C1F /* MainRepositoryMock.swift */ = {isa = PBXFileReference; lastKnownFileType = sourcecode.swift; path = MainRepositoryMock.swift; sourceTree = "<group>"; };
		678AEE2C26D91CE300F7AEE5 /* NetworkManager.swift */ = {isa = PBXFileReference; fileEncoding = 4; lastKnownFileType = sourcecode.swift; path = NetworkManager.swift; sourceTree = "<group>"; };
		678AEE2D26D91CE300F7AEE5 /* Endpoint.swift */ = {isa = PBXFileReference; fileEncoding = 4; lastKnownFileType = sourcecode.swift; path = Endpoint.swift; sourceTree = "<group>"; };
		678AEE2E26D91CE400F7AEE5 /* HttpHeaders.swift */ = {isa = PBXFileReference; fileEncoding = 4; lastKnownFileType = sourcecode.swift; path = HttpHeaders.swift; sourceTree = "<group>"; };
		678AEE3826D91D0100F7AEE5 /* NetworkPublisherTests.swift */ = {isa = PBXFileReference; fileEncoding = 4; lastKnownFileType = sourcecode.swift; path = NetworkPublisherTests.swift; sourceTree = "<group>"; };
		678AEE4526D91F4400F7AEE5 /* ExampleGetEndpoint.swift */ = {isa = PBXFileReference; fileEncoding = 4; lastKnownFileType = sourcecode.swift; path = ExampleGetEndpoint.swift; sourceTree = "<group>"; };
		678AEE4626D91F4400F7AEE5 /* ExamplePutEndpoint.swift */ = {isa = PBXFileReference; fileEncoding = 4; lastKnownFileType = sourcecode.swift; path = ExamplePutEndpoint.swift; sourceTree = "<group>"; };
		678AEE4726D91F4400F7AEE5 /* ExampleModel.swift */ = {isa = PBXFileReference; fileEncoding = 4; lastKnownFileType = sourcecode.swift; path = ExampleModel.swift; sourceTree = "<group>"; };
		678AEE4826D91F4400F7AEE5 /* ExamplePostEndpoint.swift */ = {isa = PBXFileReference; fileEncoding = 4; lastKnownFileType = sourcecode.swift; path = ExamplePostEndpoint.swift; sourceTree = "<group>"; };
		678AEE4926D91F4400F7AEE5 /* ExampleDeleteEndpoint.swift */ = {isa = PBXFileReference; fileEncoding = 4; lastKnownFileType = sourcecode.swift; path = ExampleDeleteEndpoint.swift; sourceTree = "<group>"; };
		678AEE4B26D91F4400F7AEE5 /* ExamplePatchEndpoint.swift */ = {isa = PBXFileReference; fileEncoding = 4; lastKnownFileType = sourcecode.swift; path = ExamplePatchEndpoint.swift; sourceTree = "<group>"; };
		678AEE5526D9257C00F7AEE5 /* ConfigUtilsTest.swift */ = {isa = PBXFileReference; lastKnownFileType = sourcecode.swift; path = ConfigUtilsTest.swift; sourceTree = "<group>"; };
		678AEE5726D927A400F7AEE5 /* AddRuleEndpoint.swift */ = {isa = PBXFileReference; lastKnownFileType = sourcecode.swift; path = AddRuleEndpoint.swift; sourceTree = "<group>"; };
		678AEE5926D927B200F7AEE5 /* RemoveRuleEndpoint.swift */ = {isa = PBXFileReference; lastKnownFileType = sourcecode.swift; path = RemoveRuleEndpoint.swift; sourceTree = "<group>"; };
		678AEE5B26D927C200F7AEE5 /* StreamTweetsEndpoint.swift */ = {isa = PBXFileReference; lastKnownFileType = sourcecode.swift; path = StreamTweetsEndpoint.swift; sourceTree = "<group>"; };
		678AEE5D26D927DC00F7AEE5 /* GeoEndpoint.swift */ = {isa = PBXFileReference; lastKnownFileType = sourcecode.swift; path = GeoEndpoint.swift; sourceTree = "<group>"; };
		678AEE5F26D938F600F7AEE5 /* MainRepository.swift */ = {isa = PBXFileReference; lastKnownFileType = sourcecode.swift; path = MainRepository.swift; sourceTree = "<group>"; };
/* End PBXFileReference section */

/* Begin PBXFrameworksBuildPhase section */
		6723B40A26D8DD8B007D60C6 /* Frameworks */ = {
			isa = PBXFrameworksBuildPhase;
			buildActionMask = 2147483647;
			files = (
			);
			runOnlyForDeploymentPostprocessing = 0;
		};
		6723B41B26D8DD8B007D60C6 /* Frameworks */ = {
			isa = PBXFrameworksBuildPhase;
			buildActionMask = 2147483647;
			files = (
			);
			runOnlyForDeploymentPostprocessing = 0;
		};
/* End PBXFrameworksBuildPhase section */

/* Begin PBXGroup section */
		6723B40426D8DD8B007D60C6 = {
			isa = PBXGroup;
			children = (
				6723B40F26D8DD8B007D60C6 /* RealTimeTweetsOnMap */,
				6723B42126D8DD8C007D60C6 /* RealTimeTweetsOnMapTests */,
				6723B40E26D8DD8B007D60C6 /* Products */,
			);
			sourceTree = "<group>";
		};
		6723B40E26D8DD8B007D60C6 /* Products */ = {
			isa = PBXGroup;
			children = (
				6723B40D26D8DD8B007D60C6 /* RealTimeTweetsOnMap.app */,
				6723B41E26D8DD8B007D60C6 /* RealTimeTweetsOnMapTests.xctest */,
			);
			name = Products;
			sourceTree = "<group>";
		};
		6723B40F26D8DD8B007D60C6 /* RealTimeTweetsOnMap */ = {
			isa = PBXGroup;
			children = (
				67BAD79426D90D7E005C4E0C /* Network */,
				6723B44126D8EDD0007D60C6 /* Models */,
				6723B43E26D8EA88007D60C6 /* ViewModels */,
				6723B43B26D8DE02007D60C6 /* Views */,
				6723B41026D8DD8B007D60C6 /* RealTimeTweetsOnMapApp.swift */,
				6723B41426D8DD8B007D60C6 /* Assets.xcassets */,
				6723B41926D8DD8B007D60C6 /* Info.plist */,
				6723B41626D8DD8B007D60C6 /* Preview Content */,
				6723B44A26D8F3E5007D60C6 /* ConfigUtils.swift */,
			);
			path = RealTimeTweetsOnMap;
			sourceTree = "<group>";
		};
		6723B41626D8DD8B007D60C6 /* Preview Content */ = {
			isa = PBXGroup;
			children = (
				6723B41726D8DD8B007D60C6 /* Preview Assets.xcassets */,
			);
			path = "Preview Content";
			sourceTree = "<group>";
		};
		6723B42126D8DD8C007D60C6 /* RealTimeTweetsOnMapTests */ = {
			isa = PBXGroup;
			children = (
				678AEE5426D91F7200F7AEE5 /* Models */,
				678AEE3826D91D0100F7AEE5 /* NetworkPublisherTests.swift */,
				6723B42226D8DD8C007D60C6 /* RealTimeTweetsOnMapTests.swift */,
				6723B42426D8DD8C007D60C6 /* Info.plist */,
				6723B44626D8F208007D60C6 /* TweetModelTest.swift */,
				6723B44826D8F216007D60C6 /* GeoModelTest.swift */,
				678AEE5526D9257C00F7AEE5 /* ConfigUtilsTest.swift */,
				6748BA4126DA87E500C54C1F /* MainRepositoryTest.swift */,
				6748BA4326DA881400C54C1F /* MainViewModelTest.swift */,
			);
			path = RealTimeTweetsOnMapTests;
			sourceTree = "<group>";
		};
		6723B43B26D8DE02007D60C6 /* Views */ = {
			isa = PBXGroup;
			children = (
				6723B43C26D8DE15007D60C6 /* MainView.swift */,
			);
			path = Views;
			sourceTree = "<group>";
		};
		6723B43E26D8EA88007D60C6 /* ViewModels */ = {
			isa = PBXGroup;
			children = (
				6723B43F26D8EAAF007D60C6 /* MainViewModel.swift */,
			);
			path = ViewModels;
			sourceTree = "<group>";
		};
		6723B44126D8EDD0007D60C6 /* Models */ = {
			isa = PBXGroup;
			children = (
				6723B44226D8EDE4007D60C6 /* TweetModel.swift */,
				6723B44426D8EDF1007D60C6 /* GeoModel.swift */,
			);
			path = Models;
			sourceTree = "<group>";
		};
		678AEE5426D91F7200F7AEE5 /* Models */ = {
			isa = PBXGroup;
			children = (
				678AEE4926D91F4400F7AEE5 /* ExampleDeleteEndpoint.swift */,
				678AEE4526D91F4400F7AEE5 /* ExampleGetEndpoint.swift */,
				678AEE4726D91F4400F7AEE5 /* ExampleModel.swift */,
				678AEE4B26D91F4400F7AEE5 /* ExamplePatchEndpoint.swift */,
				678AEE4826D91F4400F7AEE5 /* ExamplePostEndpoint.swift */,
				678AEE4626D91F4400F7AEE5 /* ExamplePutEndpoint.swift */,
				6748BA4526DA88BC00C54C1F /* MainRepositoryMock.swift */,
			);
			path = Models;
			sourceTree = "<group>";
		};
		67BAD79426D90D7E005C4E0C /* Network */ = {
			isa = PBXGroup;
			children = (
				678AEE2D26D91CE300F7AEE5 /* Endpoint.swift */,
				678AEE2E26D91CE400F7AEE5 /* HttpHeaders.swift */,
				678AEE2C26D91CE300F7AEE5 /* NetworkManager.swift */,
				678AEE5726D927A400F7AEE5 /* AddRuleEndpoint.swift */,
				678AEE5926D927B200F7AEE5 /* RemoveRuleEndpoint.swift */,
				678AEE5B26D927C200F7AEE5 /* StreamTweetsEndpoint.swift */,
				678AEE5D26D927DC00F7AEE5 /* GeoEndpoint.swift */,
				678AEE5F26D938F600F7AEE5 /* MainRepository.swift */,
				672B854C26DA15260085658F /* MainRepositoryProtocol.swift */,
			);
			path = Network;
			sourceTree = "<group>";
		};
/* End PBXGroup section */

/* Begin PBXNativeTarget section */
		6723B40C26D8DD8B007D60C6 /* RealTimeTweetsOnMap */ = {
			isa = PBXNativeTarget;
			buildConfigurationList = 6723B43226D8DD8C007D60C6 /* Build configuration list for PBXNativeTarget "RealTimeTweetsOnMap" */;
			buildPhases = (
				6723B40926D8DD8B007D60C6 /* Sources */,
				6723B40A26D8DD8B007D60C6 /* Frameworks */,
				6723B40B26D8DD8B007D60C6 /* Resources */,
			);
			buildRules = (
			);
			dependencies = (
			);
			name = RealTimeTweetsOnMap;
			productName = RealTimeTwitsOnMap;
			productReference = 6723B40D26D8DD8B007D60C6 /* RealTimeTweetsOnMap.app */;
			productType = "com.apple.product-type.application";
		};
		6723B41D26D8DD8B007D60C6 /* RealTimeTweetsOnMapTests */ = {
			isa = PBXNativeTarget;
			buildConfigurationList = 6723B43526D8DD8C007D60C6 /* Build configuration list for PBXNativeTarget "RealTimeTweetsOnMapTests" */;
			buildPhases = (
				6723B41A26D8DD8B007D60C6 /* Sources */,
				6723B41B26D8DD8B007D60C6 /* Frameworks */,
				6723B41C26D8DD8B007D60C6 /* Resources */,
			);
			buildRules = (
			);
			dependencies = (
				6723B42026D8DD8B007D60C6 /* PBXTargetDependency */,
			);
			name = RealTimeTweetsOnMapTests;
			productName = RealTimeTwitsOnMapTests;
			productReference = 6723B41E26D8DD8B007D60C6 /* RealTimeTweetsOnMapTests.xctest */;
			productType = "com.apple.product-type.bundle.unit-test";
		};
/* End PBXNativeTarget section */

/* Begin PBXProject section */
		6723B40526D8DD8B007D60C6 /* Project object */ = {
			isa = PBXProject;
			attributes = {
				LastSwiftUpdateCheck = 1250;
				LastUpgradeCheck = 1250;
				TargetAttributes = {
					6723B40C26D8DD8B007D60C6 = {
						CreatedOnToolsVersion = 12.5.1;
					};
					6723B41D26D8DD8B007D60C6 = {
						CreatedOnToolsVersion = 12.5.1;
						TestTargetID = 6723B40C26D8DD8B007D60C6;
					};
				};
			};
			buildConfigurationList = 6723B40826D8DD8B007D60C6 /* Build configuration list for PBXProject "RealTimeTweetsOnMap" */;
			compatibilityVersion = "Xcode 9.3";
			developmentRegion = en;
			hasScannedForEncodings = 0;
			knownRegions = (
				en,
				Base,
			);
			mainGroup = 6723B40426D8DD8B007D60C6;
			productRefGroup = 6723B40E26D8DD8B007D60C6 /* Products */;
			projectDirPath = "";
			projectRoot = "";
			targets = (
				6723B40C26D8DD8B007D60C6 /* RealTimeTweetsOnMap */,
				6723B41D26D8DD8B007D60C6 /* RealTimeTweetsOnMapTests */,
			);
		};
/* End PBXProject section */

/* Begin PBXResourcesBuildPhase section */
		6723B40B26D8DD8B007D60C6 /* Resources */ = {
			isa = PBXResourcesBuildPhase;
			buildActionMask = 2147483647;
			files = (
				6723B41826D8DD8B007D60C6 /* Preview Assets.xcassets in Resources */,
				6723B41526D8DD8B007D60C6 /* Assets.xcassets in Resources */,
			);
			runOnlyForDeploymentPostprocessing = 0;
		};
		6723B41C26D8DD8B007D60C6 /* Resources */ = {
			isa = PBXResourcesBuildPhase;
			buildActionMask = 2147483647;
			files = (
			);
			runOnlyForDeploymentPostprocessing = 0;
		};
/* End PBXResourcesBuildPhase section */

/* Begin PBXSourcesBuildPhase section */
		6723B40926D8DD8B007D60C6 /* Sources */ = {
			isa = PBXSourcesBuildPhase;
			buildActionMask = 2147483647;
			files = (
				678AEE6026D938F600F7AEE5 /* MainRepository.swift in Sources */,
				6723B44B26D8F3E5007D60C6 /* ConfigUtils.swift in Sources */,
				6723B43D26D8DE15007D60C6 /* MainView.swift in Sources */,
				678AEE3026D91CE400F7AEE5 /* Endpoint.swift in Sources */,
				678AEE5A26D927B200F7AEE5 /* RemoveRuleEndpoint.swift in Sources */,
				6723B41126D8DD8B007D60C6 /* RealTimeTweetsOnMapApp.swift in Sources */,
				678AEE5E26D927DC00F7AEE5 /* GeoEndpoint.swift in Sources */,
				678AEE5826D927A400F7AEE5 /* AddRuleEndpoint.swift in Sources */,
				678AEE2F26D91CE400F7AEE5 /* NetworkManager.swift in Sources */,
				672B854D26DA15260085658F /* MainRepositoryProtocol.swift in Sources */,
				6723B44026D8EAAF007D60C6 /* MainViewModel.swift in Sources */,
				678AEE5C26D927C200F7AEE5 /* StreamTweetsEndpoint.swift in Sources */,
				6723B44526D8EDF1007D60C6 /* GeoModel.swift in Sources */,
				6723B44326D8EDE4007D60C6 /* TweetModel.swift in Sources */,
				678AEE3126D91CE400F7AEE5 /* HttpHeaders.swift in Sources */,
			);
			runOnlyForDeploymentPostprocessing = 0;
		};
		6723B41A26D8DD8B007D60C6 /* Sources */ = {
			isa = PBXSourcesBuildPhase;
			buildActionMask = 2147483647;
			files = (
				6723B44926D8F216007D60C6 /* GeoModelTest.swift in Sources */,
				678AEE4D26D91F4400F7AEE5 /* ExamplePutEndpoint.swift in Sources */,
				678AEE4026D91D0100F7AEE5 /* NetworkPublisherTests.swift in Sources */,
				678AEE4C26D91F4400F7AEE5 /* ExampleGetEndpoint.swift in Sources */,
				6748BA4226DA87E500C54C1F /* MainRepositoryTest.swift in Sources */,
				678AEE4E26D91F4400F7AEE5 /* ExampleModel.swift in Sources */,
				6723B42326D8DD8C007D60C6 /* RealTimeTweetsOnMapTests.swift in Sources */,
				6723B44726D8F208007D60C6 /* TweetModelTest.swift in Sources */,
				6748BA4426DA881400C54C1F /* MainViewModelTest.swift in Sources */,
				678AEE5626D9257C00F7AEE5 /* ConfigUtilsTest.swift in Sources */,
				678AEE5026D91F4400F7AEE5 /* ExampleDeleteEndpoint.swift in Sources */,
				678AEE5226D91F4400F7AEE5 /* ExamplePatchEndpoint.swift in Sources */,
				6748BA4626DA88BC00C54C1F /* MainRepositoryMock.swift in Sources */,
				678AEE4F26D91F4400F7AEE5 /* ExamplePostEndpoint.swift in Sources */,
			);
			runOnlyForDeploymentPostprocessing = 0;
		};
/* End PBXSourcesBuildPhase section */

/* Begin PBXTargetDependency section */
		6723B42026D8DD8B007D60C6 /* PBXTargetDependency */ = {
			isa = PBXTargetDependency;
			target = 6723B40C26D8DD8B007D60C6 /* RealTimeTweetsOnMap */;
			targetProxy = 6723B41F26D8DD8B007D60C6 /* PBXContainerItemProxy */;
		};
/* End PBXTargetDependency section */

/* Begin XCBuildConfiguration section */
		6723B43026D8DD8C007D60C6 /* Debug */ = {
			isa = XCBuildConfiguration;
			buildSettings = {
				ALWAYS_SEARCH_USER_PATHS = NO;
				CLANG_ANALYZER_NONNULL = YES;
				CLANG_ANALYZER_NUMBER_OBJECT_CONVERSION = YES_AGGRESSIVE;
				CLANG_CXX_LANGUAGE_STANDARD = "gnu++14";
				CLANG_CXX_LIBRARY = "libc++";
				CLANG_ENABLE_MODULES = YES;
				CLANG_ENABLE_OBJC_ARC = YES;
				CLANG_ENABLE_OBJC_WEAK = YES;
				CLANG_WARN_BLOCK_CAPTURE_AUTORELEASING = YES;
				CLANG_WARN_BOOL_CONVERSION = YES;
				CLANG_WARN_COMMA = YES;
				CLANG_WARN_CONSTANT_CONVERSION = YES;
				CLANG_WARN_DEPRECATED_OBJC_IMPLEMENTATIONS = YES;
				CLANG_WARN_DIRECT_OBJC_ISA_USAGE = YES_ERROR;
				CLANG_WARN_DOCUMENTATION_COMMENTS = YES;
				CLANG_WARN_EMPTY_BODY = YES;
				CLANG_WARN_ENUM_CONVERSION = YES;
				CLANG_WARN_INFINITE_RECURSION = YES;
				CLANG_WARN_INT_CONVERSION = YES;
				CLANG_WARN_NON_LITERAL_NULL_CONVERSION = YES;
				CLANG_WARN_OBJC_IMPLICIT_RETAIN_SELF = YES;
				CLANG_WARN_OBJC_LITERAL_CONVERSION = YES;
				CLANG_WARN_OBJC_ROOT_CLASS = YES_ERROR;
				CLANG_WARN_QUOTED_INCLUDE_IN_FRAMEWORK_HEADER = YES;
				CLANG_WARN_RANGE_LOOP_ANALYSIS = YES;
				CLANG_WARN_STRICT_PROTOTYPES = YES;
				CLANG_WARN_SUSPICIOUS_MOVE = YES;
				CLANG_WARN_UNGUARDED_AVAILABILITY = YES_AGGRESSIVE;
				CLANG_WARN_UNREACHABLE_CODE = YES;
				CLANG_WARN__DUPLICATE_METHOD_MATCH = YES;
				COPY_PHASE_STRIP = NO;
				DEBUG_INFORMATION_FORMAT = dwarf;
				ENABLE_STRICT_OBJC_MSGSEND = YES;
				ENABLE_TESTABILITY = YES;
				GCC_C_LANGUAGE_STANDARD = gnu11;
				GCC_DYNAMIC_NO_PIC = NO;
				GCC_NO_COMMON_BLOCKS = YES;
				GCC_OPTIMIZATION_LEVEL = 0;
				GCC_PREPROCESSOR_DEFINITIONS = (
					"DEBUG=1",
					"$(inherited)",
				);
				GCC_WARN_64_TO_32_BIT_CONVERSION = YES;
				GCC_WARN_ABOUT_RETURN_TYPE = YES_ERROR;
				GCC_WARN_UNDECLARED_SELECTOR = YES;
				GCC_WARN_UNINITIALIZED_AUTOS = YES_AGGRESSIVE;
				GCC_WARN_UNUSED_FUNCTION = YES;
				GCC_WARN_UNUSED_VARIABLE = YES;
				IPHONEOS_DEPLOYMENT_TARGET = 14.5;
				MTL_ENABLE_DEBUG_INFO = INCLUDE_SOURCE;
				MTL_FAST_MATH = YES;
				ONLY_ACTIVE_ARCH = YES;
				SDKROOT = iphoneos;
				SWIFT_ACTIVE_COMPILATION_CONDITIONS = DEBUG;
				SWIFT_OPTIMIZATION_LEVEL = "-Onone";
			};
			name = Debug;
		};
		6723B43126D8DD8C007D60C6 /* Release */ = {
			isa = XCBuildConfiguration;
			buildSettings = {
				ALWAYS_SEARCH_USER_PATHS = NO;
				CLANG_ANALYZER_NONNULL = YES;
				CLANG_ANALYZER_NUMBER_OBJECT_CONVERSION = YES_AGGRESSIVE;
				CLANG_CXX_LANGUAGE_STANDARD = "gnu++14";
				CLANG_CXX_LIBRARY = "libc++";
				CLANG_ENABLE_MODULES = YES;
				CLANG_ENABLE_OBJC_ARC = YES;
				CLANG_ENABLE_OBJC_WEAK = YES;
				CLANG_WARN_BLOCK_CAPTURE_AUTORELEASING = YES;
				CLANG_WARN_BOOL_CONVERSION = YES;
				CLANG_WARN_COMMA = YES;
				CLANG_WARN_CONSTANT_CONVERSION = YES;
				CLANG_WARN_DEPRECATED_OBJC_IMPLEMENTATIONS = YES;
				CLANG_WARN_DIRECT_OBJC_ISA_USAGE = YES_ERROR;
				CLANG_WARN_DOCUMENTATION_COMMENTS = YES;
				CLANG_WARN_EMPTY_BODY = YES;
				CLANG_WARN_ENUM_CONVERSION = YES;
				CLANG_WARN_INFINITE_RECURSION = YES;
				CLANG_WARN_INT_CONVERSION = YES;
				CLANG_WARN_NON_LITERAL_NULL_CONVERSION = YES;
				CLANG_WARN_OBJC_IMPLICIT_RETAIN_SELF = YES;
				CLANG_WARN_OBJC_LITERAL_CONVERSION = YES;
				CLANG_WARN_OBJC_ROOT_CLASS = YES_ERROR;
				CLANG_WARN_QUOTED_INCLUDE_IN_FRAMEWORK_HEADER = YES;
				CLANG_WARN_RANGE_LOOP_ANALYSIS = YES;
				CLANG_WARN_STRICT_PROTOTYPES = YES;
				CLANG_WARN_SUSPICIOUS_MOVE = YES;
				CLANG_WARN_UNGUARDED_AVAILABILITY = YES_AGGRESSIVE;
				CLANG_WARN_UNREACHABLE_CODE = YES;
				CLANG_WARN__DUPLICATE_METHOD_MATCH = YES;
				COPY_PHASE_STRIP = NO;
				DEBUG_INFORMATION_FORMAT = "dwarf-with-dsym";
				ENABLE_NS_ASSERTIONS = NO;
				ENABLE_STRICT_OBJC_MSGSEND = YES;
				GCC_C_LANGUAGE_STANDARD = gnu11;
				GCC_NO_COMMON_BLOCKS = YES;
				GCC_WARN_64_TO_32_BIT_CONVERSION = YES;
				GCC_WARN_ABOUT_RETURN_TYPE = YES_ERROR;
				GCC_WARN_UNDECLARED_SELECTOR = YES;
				GCC_WARN_UNINITIALIZED_AUTOS = YES_AGGRESSIVE;
				GCC_WARN_UNUSED_FUNCTION = YES;
				GCC_WARN_UNUSED_VARIABLE = YES;
				IPHONEOS_DEPLOYMENT_TARGET = 14.5;
				MTL_ENABLE_DEBUG_INFO = NO;
				MTL_FAST_MATH = YES;
				SDKROOT = iphoneos;
				SWIFT_COMPILATION_MODE = wholemodule;
				SWIFT_OPTIMIZATION_LEVEL = "-O";
				VALIDATE_PRODUCT = YES;
			};
			name = Release;
		};
		6723B43326D8DD8C007D60C6 /* Debug */ = {
			isa = XCBuildConfiguration;
			buildSettings = {
				ASSETCATALOG_COMPILER_APPICON_NAME = AppIcon;
				ASSETCATALOG_COMPILER_GLOBAL_ACCENT_COLOR_NAME = AccentColor;
				BASE_URL = "https://api.twitter.com";
				CODE_SIGN_STYLE = Automatic;
				DEVELOPMENT_ASSET_PATHS = "\"RealTimeTweetsOnMap/Preview Content\"";
				DEVELOPMENT_TEAM = N7AZRND92Z;
				ENABLE_PREVIEWS = YES;
				INFOPLIST_FILE = RealTimeTweetsOnMap/Info.plist;
				IPHONEOS_DEPLOYMENT_TARGET = 14.0;
				LD_RUNPATH_SEARCH_PATHS = (
					"$(inherited)",
					"@executable_path/Frameworks",
				);
				PRODUCT_BUNDLE_IDENTIFIER = com.vcapilladeveloper.RealTimeTweetsOnMap;
				PRODUCT_NAME = "$(TARGET_NAME)";
				SWIFT_VERSION = 5.0;
				TARGETED_DEVICE_FAMILY = "1,2";
				TWITTER_BEARER = "AAAAAAAAAAAAAAAAAAAAACtNTAEAAAAApS0h3G6iIsd1yn8%2BIXL%2BG2cBBVY%3Df3vK7V1TevgtLUOyLkpSvcGfecb4800k3j8xhCM9C3vQ5Q9g2D";
			};
			name = Debug;
		};
		6723B43426D8DD8C007D60C6 /* Release */ = {
			isa = XCBuildConfiguration;
			buildSettings = {
				ASSETCATALOG_COMPILER_APPICON_NAME = AppIcon;
				ASSETCATALOG_COMPILER_GLOBAL_ACCENT_COLOR_NAME = AccentColor;
				BASE_URL = "https://api.twitter.com";
				CODE_SIGN_STYLE = Automatic;
				DEVELOPMENT_ASSET_PATHS = "\"RealTimeTweetsOnMap/Preview Content\"";
				DEVELOPMENT_TEAM = N7AZRND92Z;
				ENABLE_PREVIEWS = YES;
				INFOPLIST_FILE = RealTimeTweetsOnMap/Info.plist;
				IPHONEOS_DEPLOYMENT_TARGET = 14.0;
				LD_RUNPATH_SEARCH_PATHS = (
					"$(inherited)",
					"@executable_path/Frameworks",
				);
				PRODUCT_BUNDLE_IDENTIFIER = com.vcapilladeveloper.RealTimeTweetsOnMap;
				PRODUCT_NAME = "$(TARGET_NAME)";
				SWIFT_VERSION = 5.0;
				TARGETED_DEVICE_FAMILY = "1,2";
				TWITTER_BEARER = "AAAAAAAAAAAAAAAAAAAAACtNTAEAAAAApS0h3G6iIsd1yn8%2BIXL%2BG2cBBVY%3Df3vK7V1TevgtLUOyLkpSvcGfecb4800k3j8xhCM9C3vQ5Q9g2D";
			};
			name = Release;
		};
		6723B43626D8DD8C007D60C6 /* Debug */ = {
			isa = XCBuildConfiguration;
			buildSettings = {
				ALWAYS_EMBED_SWIFT_STANDARD_LIBRARIES = YES;
				BUNDLE_LOADER = "$(TEST_HOST)";
				CODE_SIGN_STYLE = Automatic;
				DEVELOPMENT_TEAM = N7AZRND92Z;
				INFOPLIST_FILE = RealTimeTweetsOnMapTests/Info.plist;
				IPHONEOS_DEPLOYMENT_TARGET = 14.0;
				LD_RUNPATH_SEARCH_PATHS = (
					"$(inherited)",
					"@executable_path/Frameworks",
					"@loader_path/Frameworks",
				);
				PRODUCT_BUNDLE_IDENTIFIER = com.vcapilladeveloper.RealTimeTweetsOnMapTests;
				PRODUCT_NAME = "$(TARGET_NAME)";
				SWIFT_VERSION = 5.0;
				TARGETED_DEVICE_FAMILY = "1,2";
				TEST_HOST = "$(BUILT_PRODUCTS_DIR)/RealTimeTweetsOnMap.app/RealTimeTweetsOnMap";
			};
			name = Debug;
		};
		6723B43726D8DD8C007D60C6 /* Release */ = {
			isa = XCBuildConfiguration;
			buildSettings = {
				ALWAYS_EMBED_SWIFT_STANDARD_LIBRARIES = YES;
				BUNDLE_LOADER = "$(TEST_HOST)";
				CODE_SIGN_STYLE = Automatic;
				DEVELOPMENT_TEAM = N7AZRND92Z;
				INFOPLIST_FILE = RealTimeTweetsOnMapTests/Info.plist;
				IPHONEOS_DEPLOYMENT_TARGET = 14.0;
				LD_RUNPATH_SEARCH_PATHS = (
					"$(inherited)",
					"@executable_path/Frameworks",
					"@loader_path/Frameworks",
				);
				PRODUCT_BUNDLE_IDENTIFIER = com.vcapilladeveloper.RealTimeTweetsOnMapTests;
				PRODUCT_NAME = "$(TARGET_NAME)";
				SWIFT_VERSION = 5.0;
				TARGETED_DEVICE_FAMILY = "1,2";
				TEST_HOST = "$(BUILT_PRODUCTS_DIR)/RealTimeTweetsOnMap.app/RealTimeTweetsOnMap";
			};
			name = Release;
		};
/* End XCBuildConfiguration section */

/* Begin XCConfigurationList section */
		6723B40826D8DD8B007D60C6 /* Build configuration list for PBXProject "RealTimeTweetsOnMap" */ = {
			isa = XCConfigurationList;
			buildConfigurations = (
				6723B43026D8DD8C007D60C6 /* Debug */,
				6723B43126D8DD8C007D60C6 /* Release */,
			);
			defaultConfigurationIsVisible = 0;
			defaultConfigurationName = Release;
		};
		6723B43226D8DD8C007D60C6 /* Build configuration list for PBXNativeTarget "RealTimeTweetsOnMap" */ = {
			isa = XCConfigurationList;
			buildConfigurations = (
				6723B43326D8DD8C007D60C6 /* Debug */,
				6723B43426D8DD8C007D60C6 /* Release */,
			);
			defaultConfigurationIsVisible = 0;
			defaultConfigurationName = Release;
		};
		6723B43526D8DD8C007D60C6 /* Build configuration list for PBXNativeTarget "RealTimeTweetsOnMapTests" */ = {
			isa = XCConfigurationList;
			buildConfigurations = (
				6723B43626D8DD8C007D60C6 /* Debug */,
				6723B43726D8DD8C007D60C6 /* Release */,
			);
			defaultConfigurationIsVisible = 0;
			defaultConfigurationName = Release;
		};
/* End XCConfigurationList section */
	};
	rootObject = 6723B40526D8DD8B007D60C6 /* Project object */;
}
