// !$*UTF8*$!
{
	archiveVersion = 1;
	classes = {
	};
	objectVersion = 50;
	objects = {

/* Begin PBXBuildFile section */
		6723B41126D8DD8B007D60C6 /* RealTimeTwitsOnMapApp.swift in Sources */ = {isa = PBXBuildFile; fileRef = 6723B41026D8DD8B007D60C6 /* RealTimeTwitsOnMapApp.swift */; };
		6723B41526D8DD8B007D60C6 /* Assets.xcassets in Resources */ = {isa = PBXBuildFile; fileRef = 6723B41426D8DD8B007D60C6 /* Assets.xcassets */; };
		6723B41826D8DD8B007D60C6 /* Preview Assets.xcassets in Resources */ = {isa = PBXBuildFile; fileRef = 6723B41726D8DD8B007D60C6 /* Preview Assets.xcassets */; };
		6723B42326D8DD8C007D60C6 /* RealTimeTwitsOnMapTests.swift in Sources */ = {isa = PBXBuildFile; fileRef = 6723B42226D8DD8C007D60C6 /* RealTimeTwitsOnMapTests.swift */; };
		6723B43D26D8DE15007D60C6 /* MainView.swift in Sources */ = {isa = PBXBuildFile; fileRef = 6723B43C26D8DE15007D60C6 /* MainView.swift */; };
/* End PBXBuildFile section */

/* Begin PBXContainerItemProxy section */
		6723B41F26D8DD8B007D60C6 /* PBXContainerItemProxy */ = {
			isa = PBXContainerItemProxy;
			containerPortal = 6723B40526D8DD8B007D60C6 /* Project object */;
			proxyType = 1;
			remoteGlobalIDString = 6723B40C26D8DD8B007D60C6;
			remoteInfo = RealTimeTwitsOnMap;
		};
/* End PBXContainerItemProxy section */

/* Begin PBXFileReference section */
		6723B40D26D8DD8B007D60C6 /* RealTimeTwitsOnMap.app */ = {isa = PBXFileReference; explicitFileType = wrapper.application; includeInIndex = 0; path = RealTimeTwitsOnMap.app; sourceTree = BUILT_PRODUCTS_DIR; };
		6723B41026D8DD8B007D60C6 /* RealTimeTwitsOnMapApp.swift */ = {isa = PBXFileReference; lastKnownFileType = sourcecode.swift; path = RealTimeTwitsOnMapApp.swift; sourceTree = "<group>"; };
		6723B41426D8DD8B007D60C6 /* Assets.xcassets */ = {isa = PBXFileReference; lastKnownFileType = folder.assetcatalog; path = Assets.xcassets; sourceTree = "<group>"; };
		6723B41726D8DD8B007D60C6 /* Preview Assets.xcassets */ = {isa = PBXFileReference; lastKnownFileType = folder.assetcatalog; path = "Preview Assets.xcassets"; sourceTree = "<group>"; };
		6723B41926D8DD8B007D60C6 /* Info.plist */ = {isa = PBXFileReference; lastKnownFileType = text.plist.xml; path = Info.plist; sourceTree = "<group>"; };
		6723B41E26D8DD8B007D60C6 /* RealTimeTwitsOnMapTests.xctest */ = {isa = PBXFileReference; explicitFileType = wrapper.cfbundle; includeInIndex = 0; path = RealTimeTwitsOnMapTests.xctest; sourceTree = BUILT_PRODUCTS_DIR; };
		6723B42226D8DD8C007D60C6 /* RealTimeTwitsOnMapTests.swift */ = {isa = PBXFileReference; lastKnownFileType = sourcecode.swift; path = RealTimeTwitsOnMapTests.swift; sourceTree = "<group>"; };
		6723B42426D8DD8C007D60C6 /* Info.plist */ = {isa = PBXFileReference; lastKnownFileType = text.plist.xml; path = Info.plist; sourceTree = "<group>"; };
		6723B43C26D8DE15007D60C6 /* MainView.swift */ = {isa = PBXFileReference; lastKnownFileType = sourcecode.swift; path = MainView.swift; sourceTree = "<group>"; };
/* End PBXFileReference section */

/* Begin PBXFrameworksBuildPhase section */
		6723B40A26D8DD8B007D60C6 /* Frameworks */ = {
			isa = PBXFrameworksBuildPhase;
			buildActionMask = 2147483647;
			files = (
			);
			runOnlyForDeploymentPostprocessing = 0;
		};
		6723B41B26D8DD8B007D60C6 /* Frameworks */ = {
			isa = PBXFrameworksBuildPhase;
			buildActionMask = 2147483647;
			files = (
			);
			runOnlyForDeploymentPostprocessing = 0;
		};
/* End PBXFrameworksBuildPhase section */

/* Begin PBXGroup section */
		6723B40426D8DD8B007D60C6 = {
			isa = PBXGroup;
			children = (
				6723B40F26D8DD8B007D60C6 /* RealTimeTwitsOnMap */,
				6723B42126D8DD8C007D60C6 /* RealTimeTwitsOnMapTests */,
				6723B40E26D8DD8B007D60C6 /* Products */,
			);
			sourceTree = "<group>";
		};
		6723B40E26D8DD8B007D60C6 /* Products */ = {
			isa = PBXGroup;
			children = (
				6723B40D26D8DD8B007D60C6 /* RealTimeTwitsOnMap.app */,
				6723B41E26D8DD8B007D60C6 /* RealTimeTwitsOnMapTests.xctest */,
			);
			name = Products;
			sourceTree = "<group>";
		};
		6723B40F26D8DD8B007D60C6 /* RealTimeTwitsOnMap */ = {
			isa = PBXGroup;
			children = (
				6723B43B26D8DE02007D60C6 /* Views */,
				6723B41026D8DD8B007D60C6 /* RealTimeTwitsOnMapApp.swift */,
				6723B41426D8DD8B007D60C6 /* Assets.xcassets */,
				6723B41926D8DD8B007D60C6 /* Info.plist */,
				6723B41626D8DD8B007D60C6 /* Preview Content */,
			);
			path = RealTimeTwitsOnMap;
			sourceTree = "<group>";
		};
		6723B41626D8DD8B007D60C6 /* Preview Content */ = {
			isa = PBXGroup;
			children = (
				6723B41726D8DD8B007D60C6 /* Preview Assets.xcassets */,
			);
			path = "Preview Content";
			sourceTree = "<group>";
		};
		6723B42126D8DD8C007D60C6 /* RealTimeTwitsOnMapTests */ = {
			isa = PBXGroup;
			children = (
				6723B42226D8DD8C007D60C6 /* RealTimeTwitsOnMapTests.swift */,
				6723B42426D8DD8C007D60C6 /* Info.plist */,
			);
			path = RealTimeTwitsOnMapTests;
			sourceTree = "<group>";
		};
		6723B43B26D8DE02007D60C6 /* Views */ = {
			isa = PBXGroup;
			children = (
				6723B43C26D8DE15007D60C6 /* MainView.swift */,
			);
			path = Views;
			sourceTree = "<group>";
		};
/* End PBXGroup section */

/* Begin PBXNativeTarget section */
		6723B40C26D8DD8B007D60C6 /* RealTimeTwitsOnMap */ = {
			isa = PBXNativeTarget;
			buildConfigurationList = 6723B43226D8DD8C007D60C6 /* Build configuration list for PBXNativeTarget "RealTimeTwitsOnMap" */;
			buildPhases = (
				6723B40926D8DD8B007D60C6 /* Sources */,
				6723B40A26D8DD8B007D60C6 /* Frameworks */,
				6723B40B26D8DD8B007D60C6 /* Resources */,
			);
			buildRules = (
			);
			dependencies = (
			);
			name = RealTimeTwitsOnMap;
			productName = RealTimeTwitsOnMap;
			productReference = 6723B40D26D8DD8B007D60C6 /* RealTimeTwitsOnMap.app */;
			productType = "com.apple.product-type.application";
		};
		6723B41D26D8DD8B007D60C6 /* RealTimeTwitsOnMapTests */ = {
			isa = PBXNativeTarget;
			buildConfigurationList = 6723B43526D8DD8C007D60C6 /* Build configuration list for PBXNativeTarget "RealTimeTwitsOnMapTests" */;
			buildPhases = (
				6723B41A26D8DD8B007D60C6 /* Sources */,
				6723B41B26D8DD8B007D60C6 /* Frameworks */,
				6723B41C26D8DD8B007D60C6 /* Resources */,
			);
			buildRules = (
			);
			dependencies = (
				6723B42026D8DD8B007D60C6 /* PBXTargetDependency */,
			);
			name = RealTimeTwitsOnMapTests;
			productName = RealTimeTwitsOnMapTests;
			productReference = 6723B41E26D8DD8B007D60C6 /* RealTimeTwitsOnMapTests.xctest */;
			productType = "com.apple.product-type.bundle.unit-test";
		};
/* End PBXNativeTarget section */

/* Begin PBXProject section */
		6723B40526D8DD8B007D60C6 /* Project object */ = {
			isa = PBXProject;
			attributes = {
				LastSwiftUpdateCheck = 1250;
				LastUpgradeCheck = 1250;
				TargetAttributes = {
					6723B40C26D8DD8B007D60C6 = {
						CreatedOnToolsVersion = 12.5.1;
					};
					6723B41D26D8DD8B007D60C6 = {
						CreatedOnToolsVersion = 12.5.1;
						TestTargetID = 6723B40C26D8DD8B007D60C6;
					};
				};
			};
			buildConfigurationList = 6723B40826D8DD8B007D60C6 /* Build configuration list for PBXProject "RealTimeTwitsOnMap" */;
			compatibilityVersion = "Xcode 9.3";
			developmentRegion = en;
			hasScannedForEncodings = 0;
			knownRegions = (
				en,
				Base,
			);
			mainGroup = 6723B40426D8DD8B007D60C6;
			productRefGroup = 6723B40E26D8DD8B007D60C6 /* Products */;
			projectDirPath = "";
			projectRoot = "";
			targets = (
				6723B40C26D8DD8B007D60C6 /* RealTimeTwitsOnMap */,
				6723B41D26D8DD8B007D60C6 /* RealTimeTwitsOnMapTests */,
			);
		};
/* End PBXProject section */

/* Begin PBXResourcesBuildPhase section */
		6723B40B26D8DD8B007D60C6 /* Resources */ = {
			isa = PBXResourcesBuildPhase;
			buildActionMask = 2147483647;
			files = (
				6723B41826D8DD8B007D60C6 /* Preview Assets.xcassets in Resources */,
				6723B41526D8DD8B007D60C6 /* Assets.xcassets in Resources */,
			);
			runOnlyForDeploymentPostprocessing = 0;
		};
		6723B41C26D8DD8B007D60C6 /* Resources */ = {
			isa = PBXResourcesBuildPhase;
			buildActionMask = 2147483647;
			files = (
			);
			runOnlyForDeploymentPostprocessing = 0;
		};
/* End PBXResourcesBuildPhase section */

/* Begin PBXSourcesBuildPhase section */
		6723B40926D8DD8B007D60C6 /* Sources */ = {
			isa = PBXSourcesBuildPhase;
			buildActionMask = 2147483647;
			files = (
				6723B43D26D8DE15007D60C6 /* MainView.swift in Sources */,
				6723B41126D8DD8B007D60C6 /* RealTimeTwitsOnMapApp.swift in Sources */,
			);
			runOnlyForDeploymentPostprocessing = 0;
		};
		6723B41A26D8DD8B007D60C6 /* Sources */ = {
			isa = PBXSourcesBuildPhase;
			buildActionMask = 2147483647;
			files = (
				6723B42326D8DD8C007D60C6 /* RealTimeTwitsOnMapTests.swift in Sources */,
			);
			runOnlyForDeploymentPostprocessing = 0;
		};
/* End PBXSourcesBuildPhase section */

/* Begin PBXTargetDependency section */
		6723B42026D8DD8B007D60C6 /* PBXTargetDependency */ = {
			isa = PBXTargetDependency;
			target = 6723B40C26D8DD8B007D60C6 /* RealTimeTwitsOnMap */;
			targetProxy = 6723B41F26D8DD8B007D60C6 /* PBXContainerItemProxy */;
		};
/* End PBXTargetDependency section */

/* Begin XCBuildConfiguration section */
		6723B43026D8DD8C007D60C6 /* Debug */ = {
			isa = XCBuildConfiguration;
			buildSettings = {
				ALWAYS_SEARCH_USER_PATHS = NO;
				CLANG_ANALYZER_NONNULL = YES;
				CLANG_ANALYZER_NUMBER_OBJECT_CONVERSION = YES_AGGRESSIVE;
				CLANG_CXX_LANGUAGE_STANDARD = "gnu++14";
				CLANG_CXX_LIBRARY = "libc++";
				CLANG_ENABLE_MODULES = YES;
				CLANG_ENABLE_OBJC_ARC = YES;
				CLANG_ENABLE_OBJC_WEAK = YES;
				CLANG_WARN_BLOCK_CAPTURE_AUTORELEASING = YES;
				CLANG_WARN_BOOL_CONVERSION = YES;
				CLANG_WARN_COMMA = YES;
				CLANG_WARN_CONSTANT_CONVERSION = YES;
				CLANG_WARN_DEPRECATED_OBJC_IMPLEMENTATIONS = YES;
				CLANG_WARN_DIRECT_OBJC_ISA_USAGE = YES_ERROR;
				CLANG_WARN_DOCUMENTATION_COMMENTS = YES;
				CLANG_WARN_EMPTY_BODY = YES;
				CLANG_WARN_ENUM_CONVERSION = YES;
				CLANG_WARN_INFINITE_RECURSION = YES;
				CLANG_WARN_INT_CONVERSION = YES;
				CLANG_WARN_NON_LITERAL_NULL_CONVERSION = YES;
				CLANG_WARN_OBJC_IMPLICIT_RETAIN_SELF = YES;
				CLANG_WARN_OBJC_LITERAL_CONVERSION = YES;
				CLANG_WARN_OBJC_ROOT_CLASS = YES_ERROR;
				CLANG_WARN_QUOTED_INCLUDE_IN_FRAMEWORK_HEADER = YES;
				CLANG_WARN_RANGE_LOOP_ANALYSIS = YES;
				CLANG_WARN_STRICT_PROTOTYPES = YES;
				CLANG_WARN_SUSPICIOUS_MOVE = YES;
				CLANG_WARN_UNGUARDED_AVAILABILITY = YES_AGGRESSIVE;
				CLANG_WARN_UNREACHABLE_CODE = YES;
				CLANG_WARN__DUPLICATE_METHOD_MATCH = YES;
				COPY_PHASE_STRIP = NO;
				DEBUG_INFORMATION_FORMAT = dwarf;
				ENABLE_STRICT_OBJC_MSGSEND = YES;
				ENABLE_TESTABILITY = YES;
				GCC_C_LANGUAGE_STANDARD = gnu11;
				GCC_DYNAMIC_NO_PIC = NO;
				GCC_NO_COMMON_BLOCKS = YES;
				GCC_OPTIMIZATION_LEVEL = 0;
				GCC_PREPROCESSOR_DEFINITIONS = (
					"DEBUG=1",
					"$(inherited)",
				);
				GCC_WARN_64_TO_32_BIT_CONVERSION = YES;
				GCC_WARN_ABOUT_RETURN_TYPE = YES_ERROR;
				GCC_WARN_UNDECLARED_SELECTOR = YES;
				GCC_WARN_UNINITIALIZED_AUTOS = YES_AGGRESSIVE;
				GCC_WARN_UNUSED_FUNCTION = YES;
				GCC_WARN_UNUSED_VARIABLE = YES;
				IPHONEOS_DEPLOYMENT_TARGET = 14.5;
				MTL_ENABLE_DEBUG_INFO = INCLUDE_SOURCE;
				MTL_FAST_MATH = YES;
				ONLY_ACTIVE_ARCH = YES;
				SDKROOT = iphoneos;
				SWIFT_ACTIVE_COMPILATION_CONDITIONS = DEBUG;
				SWIFT_OPTIMIZATION_LEVEL = "-Onone";
			};
			name = Debug;
		};
		6723B43126D8DD8C007D60C6 /* Release */ = {
			isa = XCBuildConfiguration;
			buildSettings = {
				ALWAYS_SEARCH_USER_PATHS = NO;
				CLANG_ANALYZER_NONNULL = YES;
				CLANG_ANALYZER_NUMBER_OBJECT_CONVERSION = YES_AGGRESSIVE;
				CLANG_CXX_LANGUAGE_STANDARD = "gnu++14";
				CLANG_CXX_LIBRARY = "libc++";
				CLANG_ENABLE_MODULES = YES;
				CLANG_ENABLE_OBJC_ARC = YES;
				CLANG_ENABLE_OBJC_WEAK = YES;
				CLANG_WARN_BLOCK_CAPTURE_AUTORELEASING = YES;
				CLANG_WARN_BOOL_CONVERSION = YES;
				CLANG_WARN_COMMA = YES;
				CLANG_WARN_CONSTANT_CONVERSION = YES;
				CLANG_WARN_DEPRECATED_OBJC_IMPLEMENTATIONS = YES;
				CLANG_WARN_DIRECT_OBJC_ISA_USAGE = YES_ERROR;
				CLANG_WARN_DOCUMENTATION_COMMENTS = YES;
				CLANG_WARN_EMPTY_BODY = YES;
				CLANG_WARN_ENUM_CONVERSION = YES;
				CLANG_WARN_INFINITE_RECURSION = YES;
				CLANG_WARN_INT_CONVERSION = YES;
				CLANG_WARN_NON_LITERAL_NULL_CONVERSION = YES;
				CLANG_WARN_OBJC_IMPLICIT_RETAIN_SELF = YES;
				CLANG_WARN_OBJC_LITERAL_CONVERSION = YES;
				CLANG_WARN_OBJC_ROOT_CLASS = YES_ERROR;
				CLANG_WARN_QUOTED_INCLUDE_IN_FRAMEWORK_HEADER = YES;
				CLANG_WARN_RANGE_LOOP_ANALYSIS = YES;
				CLANG_WARN_STRICT_PROTOTYPES = YES;
				CLANG_WARN_SUSPICIOUS_MOVE = YES;
				CLANG_WARN_UNGUARDED_AVAILABILITY = YES_AGGRESSIVE;
				CLANG_WARN_UNREACHABLE_CODE = YES;
				CLANG_WARN__DUPLICATE_METHOD_MATCH = YES;
				COPY_PHASE_STRIP = NO;
				DEBUG_INFORMATION_FORMAT = "dwarf-with-dsym";
				ENABLE_NS_ASSERTIONS = NO;
				ENABLE_STRICT_OBJC_MSGSEND = YES;
				GCC_C_LANGUAGE_STANDARD = gnu11;
				GCC_NO_COMMON_BLOCKS = YES;
				GCC_WARN_64_TO_32_BIT_CONVERSION = YES;
				GCC_WARN_ABOUT_RETURN_TYPE = YES_ERROR;
				GCC_WARN_UNDECLARED_SELECTOR = YES;
				GCC_WARN_UNINITIALIZED_AUTOS = YES_AGGRESSIVE;
				GCC_WARN_UNUSED_FUNCTION = YES;
				GCC_WARN_UNUSED_VARIABLE = YES;
				IPHONEOS_DEPLOYMENT_TARGET = 14.5;
				MTL_ENABLE_DEBUG_INFO = NO;
				MTL_FAST_MATH = YES;
				SDKROOT = iphoneos;
				SWIFT_COMPILATION_MODE = wholemodule;
				SWIFT_OPTIMIZATION_LEVEL = "-O";
				VALIDATE_PRODUCT = YES;
			};
			name = Release;
		};
		6723B43326D8DD8C007D60C6 /* Debug */ = {
			isa = XCBuildConfiguration;
			buildSettings = {
				ASSETCATALOG_COMPILER_APPICON_NAME = AppIcon;
				ASSETCATALOG_COMPILER_GLOBAL_ACCENT_COLOR_NAME = AccentColor;
				CODE_SIGN_STYLE = Automatic;
				DEVELOPMENT_ASSET_PATHS = "\"RealTimeTwitsOnMap/Preview Content\"";
				DEVELOPMENT_TEAM = N7AZRND92Z;
				ENABLE_PREVIEWS = YES;
				INFOPLIST_FILE = RealTimeTwitsOnMap/Info.plist;
				IPHONEOS_DEPLOYMENT_TARGET = 14.0;
				LD_RUNPATH_SEARCH_PATHS = (
					"$(inherited)",
					"@executable_path/Frameworks",
				);
				PRODUCT_BUNDLE_IDENTIFIER = com.vcapilladeveloper.RealTimeTwitsOnMap;
				PRODUCT_NAME = "$(TARGET_NAME)";
				SWIFT_VERSION = 5.0;
				TARGETED_DEVICE_FAMILY = "1,2";
			};
			name = Debug;
		};
		6723B43426D8DD8C007D60C6 /* Release */ = {
			isa = XCBuildConfiguration;
			buildSettings = {
				ASSETCATALOG_COMPILER_APPICON_NAME = AppIcon;
				ASSETCATALOG_COMPILER_GLOBAL_ACCENT_COLOR_NAME = AccentColor;
				CODE_SIGN_STYLE = Automatic;
				DEVELOPMENT_ASSET_PATHS = "\"RealTimeTwitsOnMap/Preview Content\"";
				DEVELOPMENT_TEAM = N7AZRND92Z;
				ENABLE_PREVIEWS = YES;
				INFOPLIST_FILE = RealTimeTwitsOnMap/Info.plist;
				IPHONEOS_DEPLOYMENT_TARGET = 14.0;
				LD_RUNPATH_SEARCH_PATHS = (
					"$(inherited)",
					"@executable_path/Frameworks",
				);
				PRODUCT_BUNDLE_IDENTIFIER = com.vcapilladeveloper.RealTimeTwitsOnMap;
				PRODUCT_NAME = "$(TARGET_NAME)";
				SWIFT_VERSION = 5.0;
				TARGETED_DEVICE_FAMILY = "1,2";
			};
			name = Release;
		};
		6723B43626D8DD8C007D60C6 /* Debug */ = {
			isa = XCBuildConfiguration;
			buildSettings = {
				ALWAYS_EMBED_SWIFT_STANDARD_LIBRARIES = YES;
				BUNDLE_LOADER = "$(TEST_HOST)";
				CODE_SIGN_STYLE = Automatic;
				DEVELOPMENT_TEAM = N7AZRND92Z;
				INFOPLIST_FILE = RealTimeTwitsOnMapTests/Info.plist;
				IPHONEOS_DEPLOYMENT_TARGET = 14.0;
				LD_RUNPATH_SEARCH_PATHS = (
					"$(inherited)",
					"@executable_path/Frameworks",
					"@loader_path/Frameworks",
				);
				PRODUCT_BUNDLE_IDENTIFIER = com.vcapilladeveloper.RealTimeTwitsOnMapTests;
				PRODUCT_NAME = "$(TARGET_NAME)";
				SWIFT_VERSION = 5.0;
				TARGETED_DEVICE_FAMILY = "1,2";
				TEST_HOST = "$(BUILT_PRODUCTS_DIR)/RealTimeTwitsOnMap.app/RealTimeTwitsOnMap";
			};
			name = Debug;
		};
		6723B43726D8DD8C007D60C6 /* Release */ = {
			isa = XCBuildConfiguration;
			buildSettings = {
				ALWAYS_EMBED_SWIFT_STANDARD_LIBRARIES = YES;
				BUNDLE_LOADER = "$(TEST_HOST)";
				CODE_SIGN_STYLE = Automatic;
				DEVELOPMENT_TEAM = N7AZRND92Z;
				INFOPLIST_FILE = RealTimeTwitsOnMapTests/Info.plist;
				IPHONEOS_DEPLOYMENT_TARGET = 14.0;
				LD_RUNPATH_SEARCH_PATHS = (
					"$(inherited)",
					"@executable_path/Frameworks",
					"@loader_path/Frameworks",
				);
				PRODUCT_BUNDLE_IDENTIFIER = com.vcapilladeveloper.RealTimeTwitsOnMapTests;
				PRODUCT_NAME = "$(TARGET_NAME)";
				SWIFT_VERSION = 5.0;
				TARGETED_DEVICE_FAMILY = "1,2";
				TEST_HOST = "$(BUILT_PRODUCTS_DIR)/RealTimeTwitsOnMap.app/RealTimeTwitsOnMap";
			};
			name = Release;
		};
/* End XCBuildConfiguration section */

/* Begin XCConfigurationList section */
		6723B40826D8DD8B007D60C6 /* Build configuration list for PBXProject "RealTimeTwitsOnMap" */ = {
			isa = XCConfigurationList;
			buildConfigurations = (
				6723B43026D8DD8C007D60C6 /* Debug */,
				6723B43126D8DD8C007D60C6 /* Release */,
			);
			defaultConfigurationIsVisible = 0;
			defaultConfigurationName = Release;
		};
		6723B43226D8DD8C007D60C6 /* Build configuration list for PBXNativeTarget "RealTimeTwitsOnMap" */ = {
			isa = XCConfigurationList;
			buildConfigurations = (
				6723B43326D8DD8C007D60C6 /* Debug */,
				6723B43426D8DD8C007D60C6 /* Release */,
			);
			defaultConfigurationIsVisible = 0;
			defaultConfigurationName = Release;
		};
		6723B43526D8DD8C007D60C6 /* Build configuration list for PBXNativeTarget "RealTimeTwitsOnMapTests" */ = {
			isa = XCConfigurationList;
			buildConfigurations = (
				6723B43626D8DD8C007D60C6 /* Debug */,
				6723B43726D8DD8C007D60C6 /* Release */,
			);
			defaultConfigurationIsVisible = 0;
			defaultConfigurationName = Release;
		};
/* End XCConfigurationList section */
	};
	rootObject = 6723B40526D8DD8B007D60C6 /* Project object */;
}
